
Microsoft Visual Studio Solution File, Format Version 12.00
# Visual Studio 2013
VisualStudioVersion = 12.0.30501.0
MinimumVisualStudioVersion = 10.0.40219.1
Project("{FAE04EC0-301F-11D3-BF4B-00C04F79EFBC}") = "TVControl", "KinectControl\KinectControl\TVControl.csproj", "{BB9D44EE-ABE0-46A0-B9C0-66F431FBCA34}"
EndProject
Project("{FAE04EC0-301F-11D3-BF4B-00C04F79EFBC}") = "TVControlContent", "KinectControl\KinectControlContent\TVControlContent.contentproj", "{1734365E-D571-4985-9608-CFC0974723FA}"
EndProject
Global
	GlobalSection(SolutionConfigurationPlatforms) = preSolution
		Debug|x86 = Debug|x86
		Release|x86 = Release|x86
	EndGlobalSection
	GlobalSection(ProjectConfigurationPlatforms) = postSolution
		{BB9D44EE-ABE0-46A0-B9C0-66F431FBCA34}.Debug|x86.ActiveCfg = Debug|x86
		{BB9D44EE-ABE0-46A0-B9C0-66F431FBCA34}.Debug|x86.Build.0 = Debug|x86
		{BB9D44EE-ABE0-46A0-B9C0-66F431FBCA34}.Release|x86.ActiveCfg = Release|x86
		{BB9D44EE-ABE0-46A0-B9C0-66F431FBCA34}.Release|x86.Build.0 = Release|x86
		{1734365E-D571-4985-9608-CFC0974723FA}.Debug|x86.ActiveCfg = Debug|x86
		{1734365E-D571-4985-9608-CFC0974723FA}.Release|x86.ActiveCfg = Release|x86
	EndGlobalSection
	GlobalSection(SolutionProperties) = preSolution
		HideSolutionNode = FALSE
	EndGlobalSection
EndGlobal
